
Microsoft Visual Studio Solution File, Format Version 12.00
# Visual Studio Version 16
VisualStudioVersion = 16.0.31613.86
MinimumVisualStudioVersion = 10.0.40219.1
Project("{FAE04EC0-301F-11D3-BF4B-00C04F79EFBC}") = "APIApplication", "APIApplication\APIApplication.csproj", "{2ADDF879-476E-45D1-B829-4815E5E658D9}"
EndProject
Project("{FAE04EC0-301F-11D3-BF4B-00C04F79EFBC}") = "Reporter", "Reporter\Reporter.csproj", "{2861023C-11B0-4E87-991C-94034FD55A31}"
EndProject
Project("{FAE04EC0-301F-11D3-BF4B-00C04F79EFBC}") = "Helpers", "Helpers\Helpers.csproj", "{F759F3B3-5FC8-42C3-8045-26B530A23A12}"
EndProject
Project("{FAE04EC0-301F-11D3-BF4B-00C04F79EFBC}") = "TestBaseLibrary", "Pageobjectmodels\TestBaseLibrary.csproj", "{997BCCEA-D76F-4DF4-9020-1F282BCB922C}"
EndProject
Project("{FAE04EC0-301F-11D3-BF4B-00C04F79EFBC}") = "EnvironmentConfiguration", "EnvironmentConfiguration\EnvironmentConfiguration.csproj", "{AC99300C-E2F0-4CE1-B194-F53689D1B786}"
EndProject
Project("{9A19103F-16F7-4668-BE54-9A1E7A4F7556}") = "Tests", "Tests\Tests.csproj", "{3DF5D024-0DCB-4B4E-B1B7-96899EC05504}"
	ProjectSection(ProjectDependencies) = postProject
		{2861023C-11B0-4E87-991C-94034FD55A31} = {2861023C-11B0-4E87-991C-94034FD55A31}
		{2ADDF879-476E-45D1-B829-4815E5E658D9} = {2ADDF879-476E-45D1-B829-4815E5E658D9}
		{997BCCEA-D76F-4DF4-9020-1F282BCB922C} = {997BCCEA-D76F-4DF4-9020-1F282BCB922C}
	EndProjectSection
EndProject
Global
	GlobalSection(SolutionConfigurationPlatforms) = preSolution
		Debug|Any CPU = Debug|Any CPU
		Release|Any CPU = Release|Any CPU
	EndGlobalSection
	GlobalSection(ProjectConfigurationPlatforms) = postSolution
		{2ADDF879-476E-45D1-B829-4815E5E658D9}.Debug|Any CPU.ActiveCfg = Debug|Any CPU
		{2ADDF879-476E-45D1-B829-4815E5E658D9}.Debug|Any CPU.Build.0 = Debug|Any CPU
		{2ADDF879-476E-45D1-B829-4815E5E658D9}.Release|Any CPU.ActiveCfg = Release|Any CPU
		{2ADDF879-476E-45D1-B829-4815E5E658D9}.Release|Any CPU.Build.0 = Release|Any CPU
		{2861023C-11B0-4E87-991C-94034FD55A31}.Debug|Any CPU.ActiveCfg = Debug|Any CPU
		{2861023C-11B0-4E87-991C-94034FD55A31}.Debug|Any CPU.Build.0 = Debug|Any CPU
		{2861023C-11B0-4E87-991C-94034FD55A31}.Release|Any CPU.ActiveCfg = Release|Any CPU
		{2861023C-11B0-4E87-991C-94034FD55A31}.Release|Any CPU.Build.0 = Release|Any CPU
		{F759F3B3-5FC8-42C3-8045-26B530A23A12}.Debug|Any CPU.ActiveCfg = Debug|Any CPU
		{F759F3B3-5FC8-42C3-8045-26B530A23A12}.Debug|Any CPU.Build.0 = Debug|Any CPU
		{F759F3B3-5FC8-42C3-8045-26B530A23A12}.Release|Any CPU.ActiveCfg = Release|Any CPU
		{F759F3B3-5FC8-42C3-8045-26B530A23A12}.Release|Any CPU.Build.0 = Release|Any CPU
		{997BCCEA-D76F-4DF4-9020-1F282BCB922C}.Debug|Any CPU.ActiveCfg = Debug|Any CPU
		{997BCCEA-D76F-4DF4-9020-1F282BCB922C}.Debug|Any CPU.Build.0 = Debug|Any CPU
		{997BCCEA-D76F-4DF4-9020-1F282BCB922C}.Release|Any CPU.ActiveCfg = Release|Any CPU
		{997BCCEA-D76F-4DF4-9020-1F282BCB922C}.Release|Any CPU.Build.0 = Release|Any CPU
		{AC99300C-E2F0-4CE1-B194-F53689D1B786}.Debug|Any CPU.ActiveCfg = Debug|Any CPU
		{AC99300C-E2F0-4CE1-B194-F53689D1B786}.Debug|Any CPU.Build.0 = Debug|Any CPU
		{AC99300C-E2F0-4CE1-B194-F53689D1B786}.Release|Any CPU.ActiveCfg = Release|Any CPU
		{AC99300C-E2F0-4CE1-B194-F53689D1B786}.Release|Any CPU.Build.0 = Release|Any CPU
		{3DF5D024-0DCB-4B4E-B1B7-96899EC05504}.Debug|Any CPU.ActiveCfg = Debug|Any CPU
		{3DF5D024-0DCB-4B4E-B1B7-96899EC05504}.Debug|Any CPU.Build.0 = Debug|Any CPU
		{3DF5D024-0DCB-4B4E-B1B7-96899EC05504}.Release|Any CPU.ActiveCfg = Release|Any CPU
		{3DF5D024-0DCB-4B4E-B1B7-96899EC05504}.Release|Any CPU.Build.0 = Release|Any CPU
	EndGlobalSection
	GlobalSection(SolutionProperties) = preSolution
		HideSolutionNode = FALSE
	EndGlobalSection
	GlobalSection(ExtensibilityGlobals) = postSolution
		SolutionGuid = {A5152F88-3794-4B04-9D74-7CA97FEC3293}
	EndGlobalSection
EndGlobal
