
Microsoft Visual Studio Solution File, Format Version 12.00
# Visual Studio Version 16
VisualStudioVersion = 16.0.31613.86
MinimumVisualStudioVersion = 10.0.40219.1
Project("{9A19103F-16F7-4668-BE54-9A1E7A4F7556}") = "AutoTestFramework", "AutoTestFramework\AutoTestFramework.csproj", "{AAF4A420-0805-455F-9399-2D09F57F9CC7}"
EndProject
Project("{FAE04EC0-301F-11D3-BF4B-00C04F79EFBC}") = "Tests", "Tests\Tests.csproj", "{6FE384FB-665F-4DE6-9D9E-C15302443205}"
EndProject
Global
	GlobalSection(SolutionConfigurationPlatforms) = preSolution
		Debug|Any CPU = Debug|Any CPU
		Release|Any CPU = Release|Any CPU
	EndGlobalSection
	GlobalSection(ProjectConfigurationPlatforms) = postSolution
		{AAF4A420-0805-455F-9399-2D09F57F9CC7}.Debug|Any CPU.ActiveCfg = Debug|Any CPU
		{AAF4A420-0805-455F-9399-2D09F57F9CC7}.Debug|Any CPU.Build.0 = Debug|Any CPU
		{AAF4A420-0805-455F-9399-2D09F57F9CC7}.Release|Any CPU.ActiveCfg = Release|Any CPU
		{AAF4A420-0805-455F-9399-2D09F57F9CC7}.Release|Any CPU.Build.0 = Release|Any CPU
		{6FE384FB-665F-4DE6-9D9E-C15302443205}.Debug|Any CPU.ActiveCfg = Debug|Any CPU
		{6FE384FB-665F-4DE6-9D9E-C15302443205}.Debug|Any CPU.Build.0 = Debug|Any CPU
		{6FE384FB-665F-4DE6-9D9E-C15302443205}.Release|Any CPU.ActiveCfg = Release|Any CPU
		{6FE384FB-665F-4DE6-9D9E-C15302443205}.Release|Any CPU.Build.0 = Release|Any CPU
	EndGlobalSection
	GlobalSection(SolutionProperties) = preSolution
		HideSolutionNode = FALSE
	EndGlobalSection
	GlobalSection(ExtensibilityGlobals) = postSolution
		SolutionGuid = {A5152F88-3794-4B04-9D74-7CA97FEC3293}
	EndGlobalSection
EndGlobal
